// !$*UTF8*$!
{
	archiveVersion = 1;
	classes = {
	};
	objectVersion = 46;
	objects = {

/* Begin PBXBuildFile section */
		CECE0B391DB3F4B200973739 /* main.m in Sources */ = {isa = PBXBuildFile; fileRef = CECE0B381DB3F4B200973739 /* main.m */; };
		CECE0B3C1DB3F4B200973739 /* AppDelegate.m in Sources */ = {isa = PBXBuildFile; fileRef = CECE0B3B1DB3F4B200973739 /* AppDelegate.m */; };
		CECE0B3F1DB3F4B200973739 /* ViewController.m in Sources */ = {isa = PBXBuildFile; fileRef = CECE0B3E1DB3F4B200973739 /* ViewController.m */; };
		CECE0B421DB3F4B200973739 /* Main.storyboard in Resources */ = {isa = PBXBuildFile; fileRef = CECE0B401DB3F4B200973739 /* Main.storyboard */; };
		CECE0B451DB3F4B200973739 /* SQLiteExample.xcdatamodeld in Sources */ = {isa = PBXBuildFile; fileRef = CECE0B431DB3F4B200973739 /* SQLiteExample.xcdatamodeld */; };
		CECE0B471DB3F4B200973739 /* Assets.xcassets in Resources */ = {isa = PBXBuildFile; fileRef = CECE0B461DB3F4B200973739 /* Assets.xcassets */; };
		CECE0B4A1DB3F4B200973739 /* LaunchScreen.storyboard in Resources */ = {isa = PBXBuildFile; fileRef = CECE0B481DB3F4B200973739 /* LaunchScreen.storyboard */; };
		CECE0B551DB3F4B200973739 /* SQLiteExampleTests.m in Sources */ = {isa = PBXBuildFile; fileRef = CECE0B541DB3F4B200973739 /* SQLiteExampleTests.m */; };
		CECE0B601DB3F4B200973739 /* SQLiteExampleUITests.m in Sources */ = {isa = PBXBuildFile; fileRef = CECE0B5F1DB3F4B200973739 /* SQLiteExampleUITests.m */; };
		CECE0B6F1DB4392A00973739 /* libsqlite3.tbd in Frameworks */ = {isa = PBXBuildFile; fileRef = CECE0B6E1DB4392A00973739 /* libsqlite3.tbd */; };
		CECE0B721DB510AF00973739 /* DBTableViewController.m in Sources */ = {isa = PBXBuildFile; fileRef = CECE0B711DB510AF00973739 /* DBTableViewController.m */; };
/* End PBXBuildFile section */

/* Begin PBXContainerItemProxy section */
		CECE0B511DB3F4B200973739 /* PBXContainerItemProxy */ = {
			isa = PBXContainerItemProxy;
			containerPortal = CECE0B2C1DB3F4B200973739 /* Project object */;
			proxyType = 1;
			remoteGlobalIDString = CECE0B331DB3F4B200973739;
			remoteInfo = SQLiteExample;
		};
		CECE0B5C1DB3F4B200973739 /* PBXContainerItemProxy */ = {
			isa = PBXContainerItemProxy;
			containerPortal = CECE0B2C1DB3F4B200973739 /* Project object */;
			proxyType = 1;
			remoteGlobalIDString = CECE0B331DB3F4B200973739;
			remoteInfo = SQLiteExample;
		};
/* End PBXContainerItemProxy section */

/* Begin PBXFileReference section */
		CECE0B341DB3F4B200973739 /* SQLiteExample.app */ = {isa = PBXFileReference; explicitFileType = wrapper.application; includeInIndex = 0; path = SQLiteExample.app; sourceTree = BUILT_PRODUCTS_DIR; };
		CECE0B381DB3F4B200973739 /* main.m */ = {isa = PBXFileReference; lastKnownFileType = sourcecode.c.objc; path = main.m; sourceTree = "<group>"; };
		CECE0B3A1DB3F4B200973739 /* AppDelegate.h */ = {isa = PBXFileReference; lastKnownFileType = sourcecode.c.h; path = AppDelegate.h; sourceTree = "<group>"; };
		CECE0B3B1DB3F4B200973739 /* AppDelegate.m */ = {isa = PBXFileReference; lastKnownFileType = sourcecode.c.objc; path = AppDelegate.m; sourceTree = "<group>"; };
		CECE0B3D1DB3F4B200973739 /* ViewController.h */ = {isa = PBXFileReference; lastKnownFileType = sourcecode.c.h; path = ViewController.h; sourceTree = "<group>"; };
		CECE0B3E1DB3F4B200973739 /* ViewController.m */ = {isa = PBXFileReference; lastKnownFileType = sourcecode.c.objc; path = ViewController.m; sourceTree = "<group>"; };
		CECE0B411DB3F4B200973739 /* Base */ = {isa = PBXFileReference; lastKnownFileType = file.storyboard; name = Base; path = Base.lproj/Main.storyboard; sourceTree = "<group>"; };
		CECE0B441DB3F4B200973739 /* SQLiteExample.xcdatamodel */ = {isa = PBXFileReference; lastKnownFileType = wrapper.xcdatamodel; path = SQLiteExample.xcdatamodel; sourceTree = "<group>"; };
		CECE0B461DB3F4B200973739 /* Assets.xcassets */ = {isa = PBXFileReference; lastKnownFileType = folder.assetcatalog; path = Assets.xcassets; sourceTree = "<group>"; };
		CECE0B491DB3F4B200973739 /* Base */ = {isa = PBXFileReference; lastKnownFileType = file.storyboard; name = Base; path = Base.lproj/LaunchScreen.storyboard; sourceTree = "<group>"; };
		CECE0B4B1DB3F4B200973739 /* Info.plist */ = {isa = PBXFileReference; lastKnownFileType = text.plist.xml; path = Info.plist; sourceTree = "<group>"; };
		CECE0B501DB3F4B200973739 /* SQLiteExampleTests.xctest */ = {isa = PBXFileReference; explicitFileType = wrapper.cfbundle; includeInIndex = 0; path = SQLiteExampleTests.xctest; sourceTree = BUILT_PRODUCTS_DIR; };
		CECE0B541DB3F4B200973739 /* SQLiteExampleTests.m */ = {isa = PBXFileReference; lastKnownFileType = sourcecode.c.objc; path = SQLiteExampleTests.m; sourceTree = "<group>"; };
		CECE0B561DB3F4B200973739 /* Info.plist */ = {isa = PBXFileReference; lastKnownFileType = text.plist.xml; path = Info.plist; sourceTree = "<group>"; };
		CECE0B5B1DB3F4B200973739 /* SQLiteExampleUITests.xctest */ = {isa = PBXFileReference; explicitFileType = wrapper.cfbundle; includeInIndex = 0; path = SQLiteExampleUITests.xctest; sourceTree = BUILT_PRODUCTS_DIR; };
		CECE0B5F1DB3F4B200973739 /* SQLiteExampleUITests.m */ = {isa = PBXFileReference; lastKnownFileType = sourcecode.c.objc; path = SQLiteExampleUITests.m; sourceTree = "<group>"; };
		CECE0B611DB3F4B200973739 /* Info.plist */ = {isa = PBXFileReference; lastKnownFileType = text.plist.xml; path = Info.plist; sourceTree = "<group>"; };
		CECE0B6E1DB4392A00973739 /* libsqlite3.tbd */ = {isa = PBXFileReference; lastKnownFileType = "sourcecode.text-based-dylib-definition"; name = libsqlite3.tbd; path = usr/lib/libsqlite3.tbd; sourceTree = SDKROOT; };
		CECE0B701DB510AF00973739 /* DBTableViewController.h */ = {isa = PBXFileReference; fileEncoding = 4; lastKnownFileType = sourcecode.c.h; path = DBTableViewController.h; sourceTree = "<group>"; };
		CECE0B711DB510AF00973739 /* DBTableViewController.m */ = {isa = PBXFileReference; fileEncoding = 4; lastKnownFileType = sourcecode.c.objc; path = DBTableViewController.m; sourceTree = "<group>"; };
/* End PBXFileReference section */

/* Begin PBXFrameworksBuildPhase section */
		CECE0B311DB3F4B200973739 /* Frameworks */ = {
			isa = PBXFrameworksBuildPhase;
			buildActionMask = 2147483647;
			files = (
				CECE0B6F1DB4392A00973739 /* libsqlite3.tbd in Frameworks */,
			);
			runOnlyForDeploymentPostprocessing = 0;
		};
		CECE0B4D1DB3F4B200973739 /* Frameworks */ = {
			isa = PBXFrameworksBuildPhase;
			buildActionMask = 2147483647;
			files = (
			);
			runOnlyForDeploymentPostprocessing = 0;
		};
		CECE0B581DB3F4B200973739 /* Frameworks */ = {
			isa = PBXFrameworksBuildPhase;
			buildActionMask = 2147483647;
			files = (
			);
			runOnlyForDeploymentPostprocessing = 0;
		};
/* End PBXFrameworksBuildPhase section */

/* Begin PBXGroup section */
		CECE0B2B1DB3F4B200973739 = {
			isa = PBXGroup;
			children = (
				CECE0B361DB3F4B200973739 /* SQLiteExample */,
				CECE0B531DB3F4B200973739 /* SQLiteExampleTests */,
				CECE0B5E1DB3F4B200973739 /* SQLiteExampleUITests */,
				CECE0B351DB3F4B200973739 /* Products */,
				CECE0B6D1DB4392A00973739 /* Frameworks */,
			);
			sourceTree = "<group>";
		};
		CECE0B351DB3F4B200973739 /* Products */ = {
			isa = PBXGroup;
			children = (
				CECE0B341DB3F4B200973739 /* SQLiteExample.app */,
				CECE0B501DB3F4B200973739 /* SQLiteExampleTests.xctest */,
				CECE0B5B1DB3F4B200973739 /* SQLiteExampleUITests.xctest */,
			);
			name = Products;
			sourceTree = "<group>";
		};
		CECE0B361DB3F4B200973739 /* SQLiteExample */ = {
			isa = PBXGroup;
			children = (
				CECE0B3A1DB3F4B200973739 /* AppDelegate.h */,
				CECE0B3B1DB3F4B200973739 /* AppDelegate.m */,
				CECE0B3D1DB3F4B200973739 /* ViewController.h */,
				CECE0B3E1DB3F4B200973739 /* ViewController.m */,
				CECE0B701DB510AF00973739 /* DBTableViewController.h */,
				CECE0B711DB510AF00973739 /* DBTableViewController.m */,
				CECE0B401DB3F4B200973739 /* Main.storyboard */,
				CECE0B461DB3F4B200973739 /* Assets.xcassets */,
				CECE0B481DB3F4B200973739 /* LaunchScreen.storyboard */,
				CECE0B4B1DB3F4B200973739 /* Info.plist */,
				CECE0B431DB3F4B200973739 /* SQLiteExample.xcdatamodeld */,
				CECE0B371DB3F4B200973739 /* Supporting Files */,
			);
			path = SQLiteExample;
			sourceTree = "<group>";
		};
		CECE0B371DB3F4B200973739 /* Supporting Files */ = {
			isa = PBXGroup;
			children = (
				CECE0B381DB3F4B200973739 /* main.m */,
			);
			name = "Supporting Files";
			sourceTree = "<group>";
		};
		CECE0B531DB3F4B200973739 /* SQLiteExampleTests */ = {
			isa = PBXGroup;
			children = (
				CECE0B541DB3F4B200973739 /* SQLiteExampleTests.m */,
				CECE0B561DB3F4B200973739 /* Info.plist */,
			);
			path = SQLiteExampleTests;
			sourceTree = "<group>";
		};
		CECE0B5E1DB3F4B200973739 /* SQLiteExampleUITests */ = {
			isa = PBXGroup;
			children = (
				CECE0B5F1DB3F4B200973739 /* SQLiteExampleUITests.m */,
				CECE0B611DB3F4B200973739 /* Info.plist */,
			);
			path = SQLiteExampleUITests;
			sourceTree = "<group>";
		};
		CECE0B6D1DB4392A00973739 /* Frameworks */ = {
			isa = PBXGroup;
			children = (
				CECE0B6E1DB4392A00973739 /* libsqlite3.tbd */,
			);
			name = Frameworks;
			sourceTree = "<group>";
		};
/* End PBXGroup section */

/* Begin PBXNativeTarget section */
		CECE0B331DB3F4B200973739 /* SQLiteExample */ = {
			isa = PBXNativeTarget;
			buildConfigurationList = CECE0B641DB3F4B200973739 /* Build configuration list for PBXNativeTarget "SQLiteExample" */;
			buildPhases = (
				CECE0B301DB3F4B200973739 /* Sources */,
				CECE0B311DB3F4B200973739 /* Frameworks */,
				CECE0B321DB3F4B200973739 /* Resources */,
			);
			buildRules = (
			);
			dependencies = (
			);
			name = SQLiteExample;
			productName = SQLiteExample;
			productReference = CECE0B341DB3F4B200973739 /* SQLiteExample.app */;
			productType = "com.apple.product-type.application";
		};
		CECE0B4F1DB3F4B200973739 /* SQLiteExampleTests */ = {
			isa = PBXNativeTarget;
			buildConfigurationList = CECE0B671DB3F4B200973739 /* Build configuration list for PBXNativeTarget "SQLiteExampleTests" */;
			buildPhases = (
				CECE0B4C1DB3F4B200973739 /* Sources */,
				CECE0B4D1DB3F4B200973739 /* Frameworks */,
				CECE0B4E1DB3F4B200973739 /* Resources */,
			);
			buildRules = (
			);
			dependencies = (
				CECE0B521DB3F4B200973739 /* PBXTargetDependency */,
			);
			name = SQLiteExampleTests;
			productName = SQLiteExampleTests;
			productReference = CECE0B501DB3F4B200973739 /* SQLiteExampleTests.xctest */;
			productType = "com.apple.product-type.bundle.unit-test";
		};
		CECE0B5A1DB3F4B200973739 /* SQLiteExampleUITests */ = {
			isa = PBXNativeTarget;
			buildConfigurationList = CECE0B6A1DB3F4B200973739 /* Build configuration list for PBXNativeTarget "SQLiteExampleUITests" */;
			buildPhases = (
				CECE0B571DB3F4B200973739 /* Sources */,
				CECE0B581DB3F4B200973739 /* Frameworks */,
				CECE0B591DB3F4B200973739 /* Resources */,
			);
			buildRules = (
			);
			dependencies = (
				CECE0B5D1DB3F4B200973739 /* PBXTargetDependency */,
			);
			name = SQLiteExampleUITests;
			productName = SQLiteExampleUITests;
			productReference = CECE0B5B1DB3F4B200973739 /* SQLiteExampleUITests.xctest */;
			productType = "com.apple.product-type.bundle.ui-testing";
		};
/* End PBXNativeTarget section */

/* Begin PBXProject section */
		CECE0B2C1DB3F4B200973739 /* Project object */ = {
			isa = PBXProject;
			attributes = {
				LastUpgradeCheck = 0800;
				ORGANIZATIONNAME = User;
				TargetAttributes = {
					CECE0B331DB3F4B200973739 = {
						CreatedOnToolsVersion = 8.0;
						ProvisioningStyle = Automatic;
					};
					CECE0B4F1DB3F4B200973739 = {
						CreatedOnToolsVersion = 8.0;
						ProvisioningStyle = Automatic;
						TestTargetID = CECE0B331DB3F4B200973739;
					};
					CECE0B5A1DB3F4B200973739 = {
						CreatedOnToolsVersion = 8.0;
						ProvisioningStyle = Automatic;
						TestTargetID = CECE0B331DB3F4B200973739;
					};
				};
			};
			buildConfigurationList = CECE0B2F1DB3F4B200973739 /* Build configuration list for PBXProject "SQLiteExample" */;
			compatibilityVersion = "Xcode 3.2";
			developmentRegion = English;
			hasScannedForEncodings = 0;
			knownRegions = (
				en,
				Base,
			);
			mainGroup = CECE0B2B1DB3F4B200973739;
			productRefGroup = CECE0B351DB3F4B200973739 /* Products */;
			projectDirPath = "";
			projectRoot = "";
			targets = (
				CECE0B331DB3F4B200973739 /* SQLiteExample */,
				CECE0B4F1DB3F4B200973739 /* SQLiteExampleTests */,
				CECE0B5A1DB3F4B200973739 /* SQLiteExampleUITests */,
			);
		};
/* End PBXProject section */

/* Begin PBXResourcesBuildPhase section */
		CECE0B321DB3F4B200973739 /* Resources */ = {
			isa = PBXResourcesBuildPhase;
			buildActionMask = 2147483647;
			files = (
				CECE0B4A1DB3F4B200973739 /* LaunchScreen.storyboard in Resources */,
				CECE0B471DB3F4B200973739 /* Assets.xcassets in Resources */,
				CECE0B421DB3F4B200973739 /* Main.storyboard in Resources */,
			);
			runOnlyForDeploymentPostprocessing = 0;
		};
		CECE0B4E1DB3F4B200973739 /* Resources */ = {
			isa = PBXResourcesBuildPhase;
			buildActionMask = 2147483647;
			files = (
			);
			runOnlyForDeploymentPostprocessing = 0;
		};
		CECE0B591DB3F4B200973739 /* Resources */ = {
			isa = PBXResourcesBuildPhase;
			buildActionMask = 2147483647;
			files = (
			);
			runOnlyForDeploymentPostprocessing = 0;
		};
/* End PBXResourcesBuildPhase section */

/* Begin PBXSourcesBuildPhase section */
		CECE0B301DB3F4B200973739 /* Sources */ = {
			isa = PBXSourcesBuildPhase;
			buildActionMask = 2147483647;
			files = (
				CECE0B451DB3F4B200973739 /* SQLiteExample.xcdatamodeld in Sources */,
				CECE0B721DB510AF00973739 /* DBTableViewController.m in Sources */,
				CECE0B3F1DB3F4B200973739 /* ViewController.m in Sources */,
				CECE0B3C1DB3F4B200973739 /* AppDelegate.m in Sources */,
				CECE0B391DB3F4B200973739 /* main.m in Sources */,
			);
			runOnlyForDeploymentPostprocessing = 0;
		};
		CECE0B4C1DB3F4B200973739 /* Sources */ = {
			isa = PBXSourcesBuildPhase;
			buildActionMask = 2147483647;
			files = (
				CECE0B551DB3F4B200973739 /* SQLiteExampleTests.m in Sources */,
			);
			runOnlyForDeploymentPostprocessing = 0;
		};
		CECE0B571DB3F4B200973739 /* Sources */ = {
			isa = PBXSourcesBuildPhase;
			buildActionMask = 2147483647;
			files = (
				CECE0B601DB3F4B200973739 /* SQLiteExampleUITests.m in Sources */,
			);
			runOnlyForDeploymentPostprocessing = 0;
		};
/* End PBXSourcesBuildPhase section */

/* Begin PBXTargetDependency section */
		CECE0B521DB3F4B200973739 /* PBXTargetDependency */ = {
			isa = PBXTargetDependency;
			target = CECE0B331DB3F4B200973739 /* SQLiteExample */;
			targetProxy = CECE0B511DB3F4B200973739 /* PBXContainerItemProxy */;
		};
		CECE0B5D1DB3F4B200973739 /* PBXTargetDependency */ = {
			isa = PBXTargetDependency;
			target = CECE0B331DB3F4B200973739 /* SQLiteExample */;
			targetProxy = CECE0B5C1DB3F4B200973739 /* PBXContainerItemProxy */;
		};
/* End PBXTargetDependency section */

/* Begin PBXVariantGroup section */
		CECE0B401DB3F4B200973739 /* Main.storyboard */ = {
			isa = PBXVariantGroup;
			children = (
				CECE0B411DB3F4B200973739 /* Base */,
			);
			name = Main.storyboard;
			sourceTree = "<group>";
		};
		CECE0B481DB3F4B200973739 /* LaunchScreen.storyboard */ = {
			isa = PBXVariantGroup;
			children = (
				CECE0B491DB3F4B200973739 /* Base */,
			);
			name = LaunchScreen.storyboard;
			sourceTree = "<group>";
		};
/* End PBXVariantGroup section */

/* Begin XCBuildConfiguration section */
		CECE0B621DB3F4B200973739 /* Debug */ = {
			isa = XCBuildConfiguration;
			buildSettings = {
				ALWAYS_SEARCH_USER_PATHS = NO;
				CLANG_ANALYZER_NONNULL = YES;
				CLANG_CXX_LANGUAGE_STANDARD = "gnu++0x";
				CLANG_CXX_LIBRARY = "libc++";
				CLANG_ENABLE_MODULES = YES;
				CLANG_ENABLE_OBJC_ARC = YES;
				CLANG_WARN_BOOL_CONVERSION = YES;
				CLANG_WARN_CONSTANT_CONVERSION = YES;
				CLANG_WARN_DIRECT_OBJC_ISA_USAGE = YES_ERROR;
				CLANG_WARN_DOCUMENTATION_COMMENTS = YES;
				CLANG_WARN_EMPTY_BODY = YES;
				CLANG_WARN_ENUM_CONVERSION = YES;
				CLANG_WARN_INFINITE_RECURSION = YES;
				CLANG_WARN_INT_CONVERSION = YES;
				CLANG_WARN_OBJC_ROOT_CLASS = YES_ERROR;
				CLANG_WARN_SUSPICIOUS_MOVES = YES;
				CLANG_WARN_UNREACHABLE_CODE = YES;
				CLANG_WARN__DUPLICATE_METHOD_MATCH = YES;
				"CODE_SIGN_IDENTITY[sdk=iphoneos*]" = "iPhone Developer";
				COPY_PHASE_STRIP = NO;
				DEBUG_INFORMATION_FORMAT = dwarf;
				ENABLE_STRICT_OBJC_MSGSEND = YES;
				ENABLE_TESTABILITY = YES;
				GCC_C_LANGUAGE_STANDARD = gnu99;
				GCC_DYNAMIC_NO_PIC = NO;
				GCC_NO_COMMON_BLOCKS = YES;
				GCC_OPTIMIZATION_LEVEL = 0;
				GCC_PREPROCESSOR_DEFINITIONS = (
					"DEBUG=1",
					"$(inherited)",
				);
				GCC_WARN_64_TO_32_BIT_CONVERSION = YES;
				GCC_WARN_ABOUT_RETURN_TYPE = YES_ERROR;
				GCC_WARN_UNDECLARED_SELECTOR = YES;
				GCC_WARN_UNINITIALIZED_AUTOS = YES_AGGRESSIVE;
				GCC_WARN_UNUSED_FUNCTION = YES;
				GCC_WARN_UNUSED_VARIABLE = YES;
				IPHONEOS_DEPLOYMENT_TARGET = 10.0;
				MTL_ENABLE_DEBUG_INFO = YES;
				ONLY_ACTIVE_ARCH = YES;
				SDKROOT = iphoneos;
			};
			name = Debug;
		};
		CECE0B631DB3F4B200973739 /* Release */ = {
			isa = XCBuildConfiguration;
			buildSettings = {
				ALWAYS_SEARCH_USER_PATHS = NO;
				CLANG_ANALYZER_NONNULL = YES;
				CLANG_CXX_LANGUAGE_STANDARD = "gnu++0x";
				CLANG_CXX_LIBRARY = "libc++";
				CLANG_ENABLE_MODULES = YES;
				CLANG_ENABLE_OBJC_ARC = YES;
				CLANG_WARN_BOOL_CONVERSION = YES;
				CLANG_WARN_CONSTANT_CONVERSION = YES;
				CLANG_WARN_DIRECT_OBJC_ISA_USAGE = YES_ERROR;
				CLANG_WARN_DOCUMENTATION_COMMENTS = YES;
				CLANG_WARN_EMPTY_BODY = YES;
				CLANG_WARN_ENUM_CONVERSION = YES;
				CLANG_WARN_INFINITE_RECURSION = YES;
				CLANG_WARN_INT_CONVERSION = YES;
				CLANG_WARN_OBJC_ROOT_CLASS = YES_ERROR;
				CLANG_WARN_SUSPICIOUS_MOVES = YES;
				CLANG_WARN_UNREACHABLE_CODE = YES;
				CLANG_WARN__DUPLICATE_METHOD_MATCH = YES;
				"CODE_SIGN_IDENTITY[sdk=iphoneos*]" = "iPhone Developer";
				COPY_PHASE_STRIP = NO;
				DEBUG_INFORMATION_FORMAT = "dwarf-with-dsym";
				ENABLE_NS_ASSERTIONS = NO;
				ENABLE_STRICT_OBJC_MSGSEND = YES;
				GCC_C_LANGUAGE_STANDARD = gnu99;
				GCC_NO_COMMON_BLOCKS = YES;
				GCC_WARN_64_TO_32_BIT_CONVERSION = YES;
				GCC_WARN_ABOUT_RETURN_TYPE = YES_ERROR;
				GCC_WARN_UNDECLARED_SELECTOR = YES;
				GCC_WARN_UNINITIALIZED_AUTOS = YES_AGGRESSIVE;
				GCC_WARN_UNUSED_FUNCTION = YES;
				GCC_WARN_UNUSED_VARIABLE = YES;
				IPHONEOS_DEPLOYMENT_TARGET = 10.0;
				MTL_ENABLE_DEBUG_INFO = NO;
				SDKROOT = iphoneos;
				VALIDATE_PRODUCT = YES;
			};
			name = Release;
		};
		CECE0B651DB3F4B200973739 /* Debug */ = {
			isa = XCBuildConfiguration;
			buildSettings = {
				ASSETCATALOG_COMPILER_APPICON_NAME = AppIcon;
				INFOPLIST_FILE = SQLiteExample/Info.plist;
				LD_RUNPATH_SEARCH_PATHS = "$(inherited) @executable_path/Frameworks";
				PRODUCT_BUNDLE_IDENTIFIER = JH.SQLiteExample;
				PRODUCT_NAME = "$(TARGET_NAME)";
			};
			name = Debug;
		};
		CECE0B661DB3F4B200973739 /* Release */ = {
			isa = XCBuildConfiguration;
			buildSettings = {
				ASSETCATALOG_COMPILER_APPICON_NAME = AppIcon;
				INFOPLIST_FILE = SQLiteExample/Info.plist;
				LD_RUNPATH_SEARCH_PATHS = "$(inherited) @executable_path/Frameworks";
				PRODUCT_BUNDLE_IDENTIFIER = JH.SQLiteExample;
				PRODUCT_NAME = "$(TARGET_NAME)";
			};
			name = Release;
		};
		CECE0B681DB3F4B200973739 /* Debug */ = {
			isa = XCBuildConfiguration;
			buildSettings = {
				BUNDLE_LOADER = "$(TEST_HOST)";
				INFOPLIST_FILE = SQLiteExampleTests/Info.plist;
				LD_RUNPATH_SEARCH_PATHS = "$(inherited) @executable_path/Frameworks @loader_path/Frameworks";
				PRODUCT_BUNDLE_IDENTIFIER = JH.SQLiteExampleTests;
				PRODUCT_NAME = "$(TARGET_NAME)";
				TEST_HOST = "$(BUILT_PRODUCTS_DIR)/SQLiteExample.app/SQLiteExample";
			};
			name = Debug;
		};
		CECE0B691DB3F4B200973739 /* Release */ = {
			isa = XCBuildConfiguration;
			buildSettings = {
				BUNDLE_LOADER = "$(TEST_HOST)";
				INFOPLIST_FILE = SQLiteExampleTests/Info.plist;
				LD_RUNPATH_SEARCH_PATHS = "$(inherited) @executable_path/Frameworks @loader_path/Frameworks";
				PRODUCT_BUNDLE_IDENTIFIER = JH.SQLiteExampleTests;
				PRODUCT_NAME = "$(TARGET_NAME)";
				TEST_HOST = "$(BUILT_PRODUCTS_DIR)/SQLiteExample.app/SQLiteExample";
			};
			name = Release;
		};
		CECE0B6B1DB3F4B200973739 /* Debug */ = {
			isa = XCBuildConfiguration;
			buildSettings = {
				INFOPLIST_FILE = SQLiteExampleUITests/Info.plist;
				LD_RUNPATH_SEARCH_PATHS = "$(inherited) @executable_path/Frameworks @loader_path/Frameworks";
				PRODUCT_BUNDLE_IDENTIFIER = JH.SQLiteExampleUITests;
				PRODUCT_NAME = "$(TARGET_NAME)";
				TEST_TARGET_NAME = SQLiteExample;
			};
			name = Debug;
		};
		CECE0B6C1DB3F4B200973739 /* Release */ = {
			isa = XCBuildConfiguration;
			buildSettings = {
				INFOPLIST_FILE = SQLiteExampleUITests/Info.plist;
				LD_RUNPATH_SEARCH_PATHS = "$(inherited) @executable_path/Frameworks @loader_path/Frameworks";
				PRODUCT_BUNDLE_IDENTIFIER = JH.SQLiteExampleUITests;
				PRODUCT_NAME = "$(TARGET_NAME)";
				TEST_TARGET_NAME = SQLiteExample;
			};
			name = Release;
		};
/* End XCBuildConfiguration section */

/* Begin XCConfigurationList section */
		CECE0B2F1DB3F4B200973739 /* Build configuration list for PBXProject "SQLiteExample" */ = {
			isa = XCConfigurationList;
			buildConfigurations = (
				CECE0B621DB3F4B200973739 /* Debug */,
				CECE0B631DB3F4B200973739 /* Release */,
			);
			defaultConfigurationIsVisible = 0;
			defaultConfigurationName = Release;
		};
		CECE0B641DB3F4B200973739 /* Build configuration list for PBXNativeTarget "SQLiteExample" */ = {
			isa = XCConfigurationList;
			buildConfigurations = (
				CECE0B651DB3F4B200973739 /* Debug */,
				CECE0B661DB3F4B200973739 /* Release */,
			);
			defaultConfigurationIsVisible = 0;
			defaultConfigurationName = Release;
		};
		CECE0B671DB3F4B200973739 /* Build configuration list for PBXNativeTarget "SQLiteExampleTests" */ = {
			isa = XCConfigurationList;
			buildConfigurations = (
				CECE0B681DB3F4B200973739 /* Debug */,
				CECE0B691DB3F4B200973739 /* Release */,
			);
			defaultConfigurationIsVisible = 0;
			defaultConfigurationName = Release;
		};
		CECE0B6A1DB3F4B200973739 /* Build configuration list for PBXNativeTarget "SQLiteExampleUITests" */ = {
			isa = XCConfigurationList;
			buildConfigurations = (
				CECE0B6B1DB3F4B200973739 /* Debug */,
				CECE0B6C1DB3F4B200973739 /* Release */,
			);
			defaultConfigurationIsVisible = 0;
			defaultConfigurationName = Release;
		};
/* End XCConfigurationList section */

/* Begin XCVersionGroup section */
		CECE0B431DB3F4B200973739 /* SQLiteExample.xcdatamodeld */ = {
			isa = XCVersionGroup;
			children = (
				CECE0B441DB3F4B200973739 /* SQLiteExample.xcdatamodel */,
			);
			currentVersion = CECE0B441DB3F4B200973739 /* SQLiteExample.xcdatamodel */;
			path = SQLiteExample.xcdatamodeld;
			sourceTree = "<group>";
			versionGroupType = wrapper.xcdatamodel;
		};
/* End XCVersionGroup section */
	};
	rootObject = CECE0B2C1DB3F4B200973739 /* Project object */;
}
